
Microsoft Visual Studio Solution File, Format Version 12.00
# Visual Studio Version 17
VisualStudioVersion = 17.11.35312.102
MinimumVisualStudioVersion = 10.0.40219.1
Project("{FAE04EC0-301F-11D3-BF4B-00C04F79EFBC}") = "MusteriTemsilcisi", "MusteriTemsilcisi.csproj", "{D1B2863A-6924-4F4F-85AC-482A75AC28EF}"
EndProject
Global
	GlobalSection(SolutionConfigurationPlatforms) = preSolution
		Debug|Any CPU = Debug|Any CPU
		Release|Any CPU = Release|Any CPU
	EndGlobalSection
	GlobalSection(ProjectConfigurationPlatforms) = postSolution
		{D1B2863A-6924-4F4F-85AC-482A75AC28EF}.Debug|Any CPU.ActiveCfg = Debug|Any CPU
		{D1B2863A-6924-4F4F-85AC-482A75AC28EF}.Debug|Any CPU.Build.0 = Debug|Any CPU
		{D1B2863A-6924-4F4F-85AC-482A75AC28EF}.Release|Any CPU.ActiveCfg = Release|Any CPU
		{D1B2863A-6924-4F4F-85AC-482A75AC28EF}.Release|Any CPU.Build.0 = Release|Any CPU
	EndGlobalSection
	GlobalSection(SolutionProperties) = preSolution
		HideSolutionNode = FALSE
	EndGlobalSection
	GlobalSection(ExtensibilityGlobals) = postSolution
		SolutionGuid = {1F262BAA-4E0B-4DE2-B5D8-92E117C646A0}
	EndGlobalSection
EndGlobal
